<?xml version="1.0" encoding="utf-8"?>
<Project ToolsVersion="4.0" xmlns="http://schemas.microsoft.com/developer/msbuild/2003">
  <ItemGroup>
    <Filter Include="Source Files">
      <UniqueIdentifier>{4FC737F1-C7A5-4376-A066-2A32D752A2FF}</UniqueIdentifier>
      <Extensions>cpp;c;cc;cxx;def;odl;idl;hpj;bat;asm;asmx</Extensions>
    </Filter>
    <Filter Include="Header Files">
      <UniqueIdentifier>{93995380-89BD-4b04-88EB-625FBE52EBFB}</UniqueIdentifier>
      <Extensions>h;hh;hpp;hxx;hm;inl;inc;ipp;xsd</Extensions>
    </Filter>
    <Filter Include="Resource Files">
      <UniqueIdentifier>{67DA6AB6-F800-4c08-8B7A-83BB121AAD01}</UniqueIdentifier>
      <Extensions>rc;ico;cur;bmp;dlg;rc2;rct;bin;rgs;gif;jpg;jpeg;jpe;resx;tiff;tif;png;wav;mfcribbon-ms</Extensions>
    </Filter>
    <Filter Include="Header Files\GeneratedFramework">
      <UniqueIdentifier>{2bc0a937-c713-42a5-9178-c64c852dac53}</UniqueIdentifier>
    </Filter>
    <Filter Include="Header Files\Application">
      <UniqueIdentifier>{041a9157-e7c8-4485-9afb-2c2e986c0850}</UniqueIdentifier>
    </Filter>
    <Filter Include="Source Files\Application">
      <UniqueIdentifier>{72a48a31-1bee-43e9-80ee-43912a21a231}</UniqueIdentifier>
    </Filter>
  </ItemGroup>
  <ItemGroup>
    <ClInclude Include="targetver.h">
      <Filter>Header Files\GeneratedFramework</Filter>
    </ClInclude>
    <ClInclude Include="framework.h">
      <Filter>Header Files\GeneratedFramework</Filter>
    </ClInclude>
    <ClInclude Include="GraphmationForge.h">
      <Filter>Header Files\GeneratedFramework</Filter>
    </ClInclude>
    <ClInclude Include="Resource.h">
      <Filter>Header Files\GeneratedFramework</Filter>
    </ClInclude>
    <ClInclude Include="GraphmationForgeApp.h">
      <Filter>Header Files\Application</Filter>
    </ClInclude>
    <ClInclude Include="GraphDrawer.h">
      <Filter>Header Files\Application</Filter>
    </ClInclude>
    <ClInclude Include="Node.h">
      <Filter>Header Files\Application</Filter>
    </ClInclude>
    <ClInclude Include="GraphmationDefines.h">
      <Filter>Header Files\Application</Filter>
    </ClInclude>
    <ClInclude Include="SelectionState.h">
      <Filter>Header Files\Application</Filter>
    </ClInclude>
  </ItemGroup>
  <ItemGroup>
    <ResourceCompile Include="GraphmationForge.rc">
      <Filter>Resource Files</Filter>
    </ResourceCompile>
  </ItemGroup>
  <ItemGroup>
    <Image Include="small.ico">
      <Filter>Resource Files</Filter>
    </Image>
    <Image Include="GraphmationForge.ico">
      <Filter>Resource Files</Filter>
    </Image>
  </ItemGroup>
  <ItemGroup>
    <ClCompile Include="GraphmationForgeMain.cpp">
      <Filter>Source Files</Filter>
    </ClCompile>
    <ClCompile Include="GraphDrawer.cpp">
      <Filter>Source Files\Application</Filter>
    </ClCompile>
    <ClCompile Include="GraphmationForgeApp.cpp">
      <Filter>Source Files\Application</Filter>
    </ClCompile>
    <ClCompile Include="Node.cpp">
      <Filter>Source Files\Application</Filter>
    </ClCompile>
  </ItemGroup>
</Project>